
Microsoft Visual Studio Solution File, Format Version 12.00
# Visual Studio Version 17
VisualStudioVersion = 17.8.34511.84
MinimumVisualStudioVersion = 10.0.40219.1
Project("{FAE04EC0-301F-11D3-BF4B-00C04F79EFBC}") = "WindowsFormsApp2", "WindowsFormsApp2\WindowsFormsApp2.csproj", "{5990421C-727D-4F14-9045-1D048035683B}"
EndProject
Global
	GlobalSection(SolutionConfigurationPlatforms) = preSolution
		Debug|Any CPU = Debug|Any CPU
		Release|Any CPU = Release|Any CPU
	EndGlobalSection
	GlobalSection(ProjectConfigurationPlatforms) = postSolution
		{5990421C-727D-4F14-9045-1D048035683B}.Debug|Any CPU.ActiveCfg = Debug|Any CPU
		{5990421C-727D-4F14-9045-1D048035683B}.Debug|Any CPU.Build.0 = Debug|Any CPU
		{5990421C-727D-4F14-9045-1D048035683B}.Release|Any CPU.ActiveCfg = Release|Any CPU
		{5990421C-727D-4F14-9045-1D048035683B}.Release|Any CPU.Build.0 = Release|Any CPU
	EndGlobalSection
	GlobalSection(SolutionProperties) = preSolution
		HideSolutionNode = FALSE
	EndGlobalSection
	GlobalSection(ExtensibilityGlobals) = postSolution
		SolutionGuid = {4BA97C3D-BA57-4D45-8798-F7DFDCAA5424}
	EndGlobalSection
EndGlobal
